
Microsoft Visual Studio Solution File, Format Version 12.00
# Visual Studio Version 17
VisualStudioVersion = 17.7.34031.279
MinimumVisualStudioVersion = 10.0.40219.1
Project("{FAE04EC0-301F-11D3-BF4B-00C04F79EFBC}") = "ConsoleApp1", "ConsoleApp1\ConsoleApp1.csproj", "{A6C2707E-50E2-4E75-A3CE-7EBFD8995479}"
EndProject
Global
	GlobalSection(SolutionConfigurationPlatforms) = preSolution
		Debug|Any CPU = Debug|Any CPU
		Release|Any CPU = Release|Any CPU
	EndGlobalSection
	GlobalSection(ProjectConfigurationPlatforms) = postSolution
		{A6C2707E-50E2-4E75-A3CE-7EBFD8995479}.Debug|Any CPU.ActiveCfg = Debug|Any CPU
		{A6C2707E-50E2-4E75-A3CE-7EBFD8995479}.Debug|Any CPU.Build.0 = Debug|Any CPU
		{A6C2707E-50E2-4E75-A3CE-7EBFD8995479}.Release|Any CPU.ActiveCfg = Release|Any CPU
		{A6C2707E-50E2-4E75-A3CE-7EBFD8995479}.Release|Any CPU.Build.0 = Release|Any CPU
	EndGlobalSection
	GlobalSection(SolutionProperties) = preSolution
		HideSolutionNode = FALSE
	EndGlobalSection
	GlobalSection(ExtensibilityGlobals) = postSolution
		SolutionGuid = {D53D3E7A-5BBD-419C-A968-3889F7743EA0}
	EndGlobalSection
EndGlobal
